
Microsoft Visual Studio Solution File, Format Version 12.00
Project("{FAE04EC0-301F-11D3-BF4B-00C04F79EFBC}") = "Shop.Catalog", "Shop.Catalog\Shop.Catalog.csproj", "{BAAA8BB1-7218-478D-A811-585F7D589A34}"
EndProject
Global
	GlobalSection(SolutionConfigurationPlatforms) = preSolution
		Debug|Any CPU = Debug|Any CPU
		Release|Any CPU = Release|Any CPU
	EndGlobalSection
	GlobalSection(ProjectConfigurationPlatforms) = postSolution
		{BAAA8BB1-7218-478D-A811-585F7D589A34}.Debug|Any CPU.ActiveCfg = Debug|Any CPU
		{BAAA8BB1-7218-478D-A811-585F7D589A34}.Debug|Any CPU.Build.0 = Debug|Any CPU
		{BAAA8BB1-7218-478D-A811-585F7D589A34}.Release|Any CPU.ActiveCfg = Release|Any CPU
		{BAAA8BB1-7218-478D-A811-585F7D589A34}.Release|Any CPU.Build.0 = Release|Any CPU
	EndGlobalSection
EndGlobal
